version = 1
revision = 3
requires-python = ">=3.13"

[[package]]
name = "aiosql"
version = "15.0"
source = { registry = "https://pypi.org/simple" }
sdist = { url = "https://files.pythonhosted.org/packages/dc/31/97ebbd15ead5cf9c3951d6e8dfafc5e7b7e8c52148768cb7b95cd443fc8a/aiosql-15.0.tar.gz", hash = "sha256:744939fdfb3e0c36d88ccaf1f73cb1cf8cc38e7052666b884502db99aff8f3fd", size = 77429, upload-time = "2026-01-04T19:14:41.239Z" }
wheels = [
    { url = "https://files.pythonhosted.org/packages/28/a4/67a07ed3e827a50671d7248624c1d3666243c580b0b0567c62d12e1c6de7/aiosql-15.0-py3-none-any.whl", hash = "sha256:ba659870914258790da77a999902c0b7712d58754ca2bd335cf2be34a8433b42", size = 26145, upload-time = "2026-01-04T19:14:39.792Z" },
]

[[package]]
name = "file-ingestor"
version = "0.1.0"
source = { virtual = "." }
dependencies = [
    { name = "aiosql" },
]

[package.metadata]
requires-dist = [{ name = "aiosql", specifier = ">=15.0" }]
